// !$*UTF8*$!
{
	archiveVersion = 1;
	classes = {
	};
	objectVersion = 50;
	objects = {

/* Begin PBXBuildFile section */
		2C2141E722B947290069FB05 /* AppDelegate.swift in Sources */ = {isa = PBXBuildFile; fileRef = 2C2141E622B947290069FB05 /* AppDelegate.swift */; };
		2C2141E922B947290069FB05 /* ViewController.swift in Sources */ = {isa = PBXBuildFile; fileRef = 2C2141E822B947290069FB05 /* ViewController.swift */; };
		2C2141EC22B947290069FB05 /* Main.storyboard in Resources */ = {isa = PBXBuildFile; fileRef = 2C2141EA22B947290069FB05 /* Main.storyboard */; };
		2C2141EE22B9472D0069FB05 /* Assets.xcassets in Resources */ = {isa = PBXBuildFile; fileRef = 2C2141ED22B9472D0069FB05 /* Assets.xcassets */; };
		2C2141F122B9472D0069FB05 /* LaunchScreen.storyboard in Resources */ = {isa = PBXBuildFile; fileRef = 2C2141EF22B9472D0069FB05 /* LaunchScreen.storyboard */; };
		2CC0D36722B94BCE0029CB6A /* Default-568h@2x.png in Resources */ = {isa = PBXBuildFile; fileRef = 2CC0D36622B94BCE0029CB6A /* Default-568h@2x.png */; };
/* End PBXBuildFile section */

/* Begin PBXFileReference section */
		2C2141E322B947290069FB05 /* PowerNapTimer.app */ = {isa = PBXFileReference; explicitFileType = wrapper.application; includeInIndex = 0; path = PowerNapTimer.app; sourceTree = BUILT_PRODUCTS_DIR; };
		2C2141E622B947290069FB05 /* AppDelegate.swift */ = {isa = PBXFileReference; lastKnownFileType = sourcecode.swift; path = AppDelegate.swift; sourceTree = "<group>"; };
		2C2141E822B947290069FB05 /* ViewController.swift */ = {isa = PBXFileReference; lastKnownFileType = sourcecode.swift; path = ViewController.swift; sourceTree = "<group>"; };
		2C2141EB22B947290069FB05 /* Base */ = {isa = PBXFileReference; lastKnownFileType = file.storyboard; name = Base; path = Base.lproj/Main.storyboard; sourceTree = "<group>"; };
		2C2141ED22B9472D0069FB05 /* Assets.xcassets */ = {isa = PBXFileReference; lastKnownFileType = folder.assetcatalog; path = Assets.xcassets; sourceTree = "<group>"; };
		2C2141F022B9472D0069FB05 /* Base */ = {isa = PBXFileReference; lastKnownFileType = file.storyboard; name = Base; path = Base.lproj/LaunchScreen.storyboard; sourceTree = "<group>"; };
		2C2141F222B9472D0069FB05 /* Info.plist */ = {isa = PBXFileReference; lastKnownFileType = text.plist.xml; path = Info.plist; sourceTree = "<group>"; };
		2CC0D36622B94BCE0029CB6A /* Default-568h@2x.png */ = {isa = PBXFileReference; lastKnownFileType = image.png; path = "Default-568h@2x.png"; sourceTree = "<group>"; };
/* End PBXFileReference section */

/* Begin PBXFrameworksBuildPhase section */
		2C2141E022B947290069FB05 /* Frameworks */ = {
			isa = PBXFrameworksBuildPhase;
			buildActionMask = 2147483647;
			files = (
			);
			runOnlyForDeploymentPostprocessing = 0;
		};
/* End PBXFrameworksBuildPhase section */

/* Begin PBXGroup section */
		2C2141DA22B947290069FB05 = {
			isa = PBXGroup;
			children = (
				2C2141EA22B947290069FB05 /* Main.storyboard */,
				2C2141E522B947290069FB05 /* PowerNapTimer */,
				2C2141E422B947290069FB05 /* Products */,
			);
			sourceTree = "<group>";
		};
		2C2141E422B947290069FB05 /* Products */ = {
			isa = PBXGroup;
			children = (
				2C2141E322B947290069FB05 /* PowerNapTimer.app */,
			);
			name = Products;
			sourceTree = "<group>";
		};
		2C2141E522B947290069FB05 /* PowerNapTimer */ = {
			isa = PBXGroup;
			children = (
				2C2141F922B9474F0069FB05 /* Controllers */,
				2C2141FA22B947670069FB05 /* Models */,
				2C2141F822B947450069FB05 /* Resources */,
			);
			path = PowerNapTimer;
			sourceTree = "<group>";
		};
		2C2141F822B947450069FB05 /* Resources */ = {
			isa = PBXGroup;
			children = (
				2CC0D36622B94BCE0029CB6A /* Default-568h@2x.png */,
				2C2141E622B947290069FB05 /* AppDelegate.swift */,
				2C2141ED22B9472D0069FB05 /* Assets.xcassets */,
				2C2141EF22B9472D0069FB05 /* LaunchScreen.storyboard */,
				2C2141F222B9472D0069FB05 /* Info.plist */,
			);
			path = Resources;
			sourceTree = "<group>";
		};
		2C2141F922B9474F0069FB05 /* Controllers */ = {
			isa = PBXGroup;
			children = (
				2C2141FC22B947910069FB05 /* View Controllers */,
				2C2141FB22B947800069FB05 /* Model Controllers */,
			);
			path = Controllers;
			sourceTree = "<group>";
		};
		2C2141FA22B947670069FB05 /* Models */ = {
			isa = PBXGroup;
			children = (
			);
			path = Models;
			sourceTree = "<group>";
		};
		2C2141FB22B947800069FB05 /* Model Controllers */ = {
			isa = PBXGroup;
			children = (
			);
			path = "Model Controllers";
			sourceTree = "<group>";
		};
		2C2141FC22B947910069FB05 /* View Controllers */ = {
			isa = PBXGroup;
			children = (
				2C2141E822B947290069FB05 /* ViewController.swift */,
			);
			path = "View Controllers";
			sourceTree = "<group>";
		};
/* End PBXGroup section */

/* Begin PBXNativeTarget section */
		2C2141E222B947290069FB05 /* PowerNapTimer */ = {
			isa = PBXNativeTarget;
			buildConfigurationList = 2C2141F522B9472D0069FB05 /* Build configuration list for PBXNativeTarget "PowerNapTimer" */;
			buildPhases = (
				2C2141DF22B947290069FB05 /* Sources */,
				2C2141E022B947290069FB05 /* Frameworks */,
				2C2141E122B947290069FB05 /* Resources */,
			);
			buildRules = (
			);
			dependencies = (
			);
			name = PowerNapTimer;
			productName = PowerNapTimer;
			productReference = 2C2141E322B947290069FB05 /* PowerNapTimer.app */;
			productType = "com.apple.product-type.application";
		};
/* End PBXNativeTarget section */

/* Begin PBXProject section */
		2C2141DB22B947290069FB05 /* Project object */ = {
			isa = PBXProject;
			attributes = {
				LastSwiftUpdateCheck = 1020;
				LastUpgradeCheck = 1020;
				ORGANIZATIONNAME = "Darin Marcus Armstrong";
				TargetAttributes = {
					2C2141E222B947290069FB05 = {
						CreatedOnToolsVersion = 10.2.1;
					};
				};
			};
			buildConfigurationList = 2C2141DE22B947290069FB05 /* Build configuration list for PBXProject "PowerNapTimer" */;
			compatibilityVersion = "Xcode 9.3";
			developmentRegion = en;
			hasScannedForEncodings = 0;
			knownRegions = (
				en,
				Base,
			);
			mainGroup = 2C2141DA22B947290069FB05;
			productRefGroup = 2C2141E422B947290069FB05 /* Products */;
			projectDirPath = "";
			projectRoot = "";
			targets = (
				2C2141E222B947290069FB05 /* PowerNapTimer */,
			);
		};
/* End PBXProject section */

/* Begin PBXResourcesBuildPhase section */
		2C2141E122B947290069FB05 /* Resources */ = {
			isa = PBXResourcesBuildPhase;
			buildActionMask = 2147483647;
			files = (
				2C2141F122B9472D0069FB05 /* LaunchScreen.storyboard in Resources */,
				2CC0D36722B94BCE0029CB6A /* Default-568h@2x.png in Resources */,
				2C2141EE22B9472D0069FB05 /* Assets.xcassets in Resources */,
				2C2141EC22B947290069FB05 /* Main.storyboard in Resources */,
			);
			runOnlyForDeploymentPostprocessing = 0;
		};
/* End PBXResourcesBuildPhase section */

/* Begin PBXSourcesBuildPhase section */
		2C2141DF22B947290069FB05 /* Sources */ = {
			isa = PBXSourcesBuildPhase;
			buildActionMask = 2147483647;
			files = (
				2C2141E922B947290069FB05 /* ViewController.swift in Sources */,
				2C2141E722B947290069FB05 /* AppDelegate.swift in Sources */,
			);
			runOnlyForDeploymentPostprocessing = 0;
		};
/* End PBXSourcesBuildPhase section */

/* Begin PBXVariantGroup section */
		2C2141EA22B947290069FB05 /* Main.storyboard */ = {
			isa = PBXVariantGroup;
			children = (
				2C2141EB22B947290069FB05 /* Base */,
			);
			name = Main.storyboard;
			sourceTree = "<group>";
		};
		2C2141EF22B9472D0069FB05 /* LaunchScreen.storyboard */ = {
			isa = PBXVariantGroup;
			children = (
				2C2141F022B9472D0069FB05 /* Base */,
			);
			name = LaunchScreen.storyboard;
			sourceTree = "<group>";
		};
/* End PBXVariantGroup section */

/* Begin XCBuildConfiguration section */
		2C2141F322B9472D0069FB05 /* Debug */ = {
			isa = XCBuildConfiguration;
			buildSettings = {
				ALWAYS_SEARCH_USER_PATHS = NO;
				CLANG_ANALYZER_NONNULL = YES;
				CLANG_ANALYZER_NUMBER_OBJECT_CONVERSION = YES_AGGRESSIVE;
				CLANG_CXX_LANGUAGE_STANDARD = "gnu++14";
				CLANG_CXX_LIBRARY = "libc++";
				CLANG_ENABLE_MODULES = YES;
				CLANG_ENABLE_OBJC_ARC = YES;
				CLANG_ENABLE_OBJC_WEAK = YES;
				CLANG_WARN_BLOCK_CAPTURE_AUTORELEASING = YES;
				CLANG_WARN_BOOL_CONVERSION = YES;
				CLANG_WARN_COMMA = YES;
				CLANG_WARN_CONSTANT_CONVERSION = YES;
				CLANG_WARN_DEPRECATED_OBJC_IMPLEMENTATIONS = YES;
				CLANG_WARN_DIRECT_OBJC_ISA_USAGE = YES_ERROR;
				CLANG_WARN_DOCUMENTATION_COMMENTS = YES;
				CLANG_WARN_EMPTY_BODY = YES;
				CLANG_WARN_ENUM_CONVERSION = YES;
				CLANG_WARN_INFINITE_RECURSION = YES;
				CLANG_WARN_INT_CONVERSION = YES;
				CLANG_WARN_NON_LITERAL_NULL_CONVERSION = YES;
				CLANG_WARN_OBJC_IMPLICIT_RETAIN_SELF = YES;
				CLANG_WARN_OBJC_LITERAL_CONVERSION = YES;
				CLANG_WARN_OBJC_ROOT_CLASS = YES_ERROR;
				CLANG_WARN_RANGE_LOOP_ANALYSIS = YES;
				CLANG_WARN_STRICT_PROTOTYPES = YES;
				CLANG_WARN_SUSPICIOUS_MOVE = YES;
				CLANG_WARN_UNGUARDED_AVAILABILITY = YES_AGGRESSIVE;
				CLANG_WARN_UNREACHABLE_CODE = YES;
				CLANG_WARN__DUPLICATE_METHOD_MATCH = YES;
				CODE_SIGN_IDENTITY = "iPhone Developer";
				COPY_PHASE_STRIP = NO;
				DEBUG_INFORMATION_FORMAT = dwarf;
				ENABLE_STRICT_OBJC_MSGSEND = YES;
				ENABLE_TESTABILITY = YES;
				GCC_C_LANGUAGE_STANDARD = gnu11;
				GCC_DYNAMIC_NO_PIC = NO;
				GCC_NO_COMMON_BLOCKS = YES;
				GCC_OPTIMIZATION_LEVEL = 0;
				GCC_PREPROCESSOR_DEFINITIONS = (
					"DEBUG=1",
					"$(inherited)",
				);
				GCC_WARN_64_TO_32_BIT_CONVERSION = YES;
				GCC_WARN_ABOUT_RETURN_TYPE = YES_ERROR;
				GCC_WARN_UNDECLARED_SELECTOR = YES;
				GCC_WARN_UNINITIALIZED_AUTOS = YES_AGGRESSIVE;
				GCC_WARN_UNUSED_FUNCTION = YES;
				GCC_WARN_UNUSED_VARIABLE = YES;
				IPHONEOS_DEPLOYMENT_TARGET = 12.2;
				MTL_ENABLE_DEBUG_INFO = INCLUDE_SOURCE;
				MTL_FAST_MATH = YES;
				ONLY_ACTIVE_ARCH = YES;
				SDKROOT = iphoneos;
				SWIFT_ACTIVE_COMPILATION_CONDITIONS = DEBUG;
				SWIFT_OPTIMIZATION_LEVEL = "-Onone";
			};
			name = Debug;
		};
		2C2141F422B9472D0069FB05 /* Release */ = {
			isa = XCBuildConfiguration;
			buildSettings = {
				ALWAYS_SEARCH_USER_PATHS = NO;
				CLANG_ANALYZER_NONNULL = YES;
				CLANG_ANALYZER_NUMBER_OBJECT_CONVERSION = YES_AGGRESSIVE;
				CLANG_CXX_LANGUAGE_STANDARD = "gnu++14";
				CLANG_CXX_LIBRARY = "libc++";
				CLANG_ENABLE_MODULES = YES;
				CLANG_ENABLE_OBJC_ARC = YES;
				CLANG_ENABLE_OBJC_WEAK = YES;
				CLANG_WARN_BLOCK_CAPTURE_AUTORELEASING = YES;
				CLANG_WARN_BOOL_CONVERSION = YES;
				CLANG_WARN_COMMA = YES;
				CLANG_WARN_CONSTANT_CONVERSION = YES;
				CLANG_WARN_DEPRECATED_OBJC_IMPLEMENTATIONS = YES;
				CLANG_WARN_DIRECT_OBJC_ISA_USAGE = YES_ERROR;
				CLANG_WARN_DOCUMENTATION_COMMENTS = YES;
				CLANG_WARN_EMPTY_BODY = YES;
				CLANG_WARN_ENUM_CONVERSION = YES;
				CLANG_WARN_INFINITE_RECURSION = YES;
				CLANG_WARN_INT_CONVERSION = YES;
				CLANG_WARN_NON_LITERAL_NULL_CONVERSION = YES;
				CLANG_WARN_OBJC_IMPLICIT_RETAIN_SELF = YES;
				CLANG_WARN_OBJC_LITERAL_CONVERSION = YES;
				CLANG_WARN_OBJC_ROOT_CLASS = YES_ERROR;
				CLANG_WARN_RANGE_LOOP_ANALYSIS = YES;
				CLANG_WARN_STRICT_PROTOTYPES = YES;
				CLANG_WARN_SUSPICIOUS_MOVE = YES;
				CLANG_WARN_UNGUARDED_AVAILABILITY = YES_AGGRESSIVE;
				CLANG_WARN_UNREACHABLE_CODE = YES;
				CLANG_WARN__DUPLICATE_METHOD_MATCH = YES;
				CODE_SIGN_IDENTITY = "iPhone Developer";
				COPY_PHASE_STRIP = NO;
				DEBUG_INFORMATION_FORMAT = "dwarf-with-dsym";
				ENABLE_NS_ASSERTIONS = NO;
				ENABLE_STRICT_OBJC_MSGSEND = YES;
				GCC_C_LANGUAGE_STANDARD = gnu11;
				GCC_NO_COMMON_BLOCKS = YES;
				GCC_WARN_64_TO_32_BIT_CONVERSION = YES;
				GCC_WARN_ABOUT_RETURN_TYPE = YES_ERROR;
				GCC_WARN_UNDECLARED_SELECTOR = YES;
				GCC_WARN_UNINITIALIZED_AUTOS = YES_AGGRESSIVE;
				GCC_WARN_UNUSED_FUNCTION = YES;
				GCC_WARN_UNUSED_VARIABLE = YES;
				IPHONEOS_DEPLOYMENT_TARGET = 12.2;
				MTL_ENABLE_DEBUG_INFO = NO;
				MTL_FAST_MATH = YES;
				SDKROOT = iphoneos;
				SWIFT_COMPILATION_MODE = wholemodule;
				SWIFT_OPTIMIZATION_LEVEL = "-O";
				VALIDATE_PRODUCT = YES;
			};
			name = Release;
		};
		2C2141F622B9472D0069FB05 /* Debug */ = {
			isa = XCBuildConfiguration;
			buildSettings = {
				ASSETCATALOG_COMPILER_APPICON_NAME = AppIcon;
				CODE_SIGN_STYLE = Automatic;
				INFOPLIST_FILE = PowerNapTimer/Info.plist;
				LD_RUNPATH_SEARCH_PATHS = (
					"$(inherited)",
					"@executable_path/Frameworks",
				);
				PRODUCT_BUNDLE_IDENTIFIER = DMA.PowerNapTimer;
				PRODUCT_NAME = "$(TARGET_NAME)";
				SWIFT_VERSION = 5.0;
				TARGETED_DEVICE_FAMILY = "1,2";
			};
			name = Debug;
		};
		2C2141F722B9472D0069FB05 /* Release */ = {
			isa = XCBuildConfiguration;
			buildSettings = {
				ASSETCATALOG_COMPILER_APPICON_NAME = AppIcon;
				CODE_SIGN_STYLE = Automatic;
				INFOPLIST_FILE = PowerNapTimer/Info.plist;
				LD_RUNPATH_SEARCH_PATHS = (
					"$(inherited)",
					"@executable_path/Frameworks",
				);
				PRODUCT_BUNDLE_IDENTIFIER = DMA.PowerNapTimer;
				PRODUCT_NAME = "$(TARGET_NAME)";
				SWIFT_VERSION = 5.0;
				TARGETED_DEVICE_FAMILY = "1,2";
			};
			name = Release;
		};
/* End XCBuildConfiguration section */

/* Begin XCConfigurationList section */
		2C2141DE22B947290069FB05 /* Build configuration list for PBXProject "PowerNapTimer" */ = {
			isa = XCConfigurationList;
			buildConfigurations = (
				2C2141F322B9472D0069FB05 /* Debug */,
				2C2141F422B9472D0069FB05 /* Release */,
			);
			defaultConfigurationIsVisible = 0;
			defaultConfigurationName = Release;
		};
		2C2141F522B9472D0069FB05 /* Build configuration list for PBXNativeTarget "PowerNapTimer" */ = {
			isa = XCConfigurationList;
			buildConfigurations = (
				2C2141F622B9472D0069FB05 /* Debug */,
				2C2141F722B9472D0069FB05 /* Release */,
			);
			defaultConfigurationIsVisible = 0;
			defaultConfigurationName = Release;
		};
/* End XCConfigurationList section */
	};
	rootObject = 2C2141DB22B947290069FB05 /* Project object */;
}
